// !$*UTF8*$!
{
	archiveVersion = 1;
	classes = {
	};
	objectVersion = 55;
	objects = {

/* Begin PBXBuildFile section */
		312BA8FE280810D400E95A19 /* AppDelegate.swift in Sources */ = {isa = PBXBuildFile; fileRef = 312BA8FD280810D400E95A19 /* AppDelegate.swift */; };
		312BA900280810D400E95A19 /* SceneDelegate.swift in Sources */ = {isa = PBXBuildFile; fileRef = 312BA8FF280810D400E95A19 /* SceneDelegate.swift */; };
		312BA902280810D400E95A19 /* ViewController.swift in Sources */ = {isa = PBXBuildFile; fileRef = 312BA901280810D400E95A19 /* ViewController.swift */; };
		312BA905280810D400E95A19 /* Main.storyboard in Resources */ = {isa = PBXBuildFile; fileRef = 312BA903280810D400E95A19 /* Main.storyboard */; };
		312BA907280810D500E95A19 /* Assets.xcassets in Resources */ = {isa = PBXBuildFile; fileRef = 312BA906280810D500E95A19 /* Assets.xcassets */; };
		312BA90A280810D500E95A19 /* LaunchScreen.storyboard in Resources */ = {isa = PBXBuildFile; fileRef = 312BA908280810D500E95A19 /* LaunchScreen.storyboard */; };
		31EBE6792808164800805DDA /* DataManager.swift in Sources */ = {isa = PBXBuildFile; fileRef = 31EBE6782808164800805DDA /* DataManager.swift */; };
		31EBE67B2808165C00805DDA /* Animation.swift in Sources */ = {isa = PBXBuildFile; fileRef = 31EBE67A2808165C00805DDA /* Animation.swift */; };
		4EB9B63D519CC103E48B55C4 /* libPods-TernovskoyHW2.9.a in Frameworks */ = {isa = PBXBuildFile; fileRef = 769B93F53048712B6DFA58AE /* libPods-TernovskoyHW2.9.a */; };
/* End PBXBuildFile section */

/* Begin PBXFileReference section */
		312BA8FA280810D400E95A19 /* TernovskoyHW2.9.app */ = {isa = PBXFileReference; explicitFileType = wrapper.application; includeInIndex = 0; path = TernovskoyHW2.9.app; sourceTree = BUILT_PRODUCTS_DIR; };
		312BA8FD280810D400E95A19 /* AppDelegate.swift */ = {isa = PBXFileReference; lastKnownFileType = sourcecode.swift; path = AppDelegate.swift; sourceTree = "<group>"; };
		312BA8FF280810D400E95A19 /* SceneDelegate.swift */ = {isa = PBXFileReference; lastKnownFileType = sourcecode.swift; path = SceneDelegate.swift; sourceTree = "<group>"; };
		312BA901280810D400E95A19 /* ViewController.swift */ = {isa = PBXFileReference; lastKnownFileType = sourcecode.swift; path = ViewController.swift; sourceTree = "<group>"; };
		312BA904280810D400E95A19 /* Base */ = {isa = PBXFileReference; lastKnownFileType = file.storyboard; name = Base; path = Base.lproj/Main.storyboard; sourceTree = "<group>"; };
		312BA906280810D500E95A19 /* Assets.xcassets */ = {isa = PBXFileReference; lastKnownFileType = folder.assetcatalog; path = Assets.xcassets; sourceTree = "<group>"; };
		312BA909280810D500E95A19 /* Base */ = {isa = PBXFileReference; lastKnownFileType = file.storyboard; name = Base; path = Base.lproj/LaunchScreen.storyboard; sourceTree = "<group>"; };
		312BA90B280810D500E95A19 /* Info.plist */ = {isa = PBXFileReference; lastKnownFileType = text.plist.xml; path = Info.plist; sourceTree = "<group>"; };
		31EBE6782808164800805DDA /* DataManager.swift */ = {isa = PBXFileReference; lastKnownFileType = sourcecode.swift; path = DataManager.swift; sourceTree = "<group>"; };
		31EBE67A2808165C00805DDA /* Animation.swift */ = {isa = PBXFileReference; lastKnownFileType = sourcecode.swift; path = Animation.swift; sourceTree = "<group>"; };
		769B93F53048712B6DFA58AE /* libPods-TernovskoyHW2.9.a */ = {isa = PBXFileReference; explicitFileType = archive.ar; includeInIndex = 0; path = "libPods-TernovskoyHW2.9.a"; sourceTree = BUILT_PRODUCTS_DIR; };
		DE1E573458089EC1D49E064C /* Pods-TernovskoyHW2.9.release.xcconfig */ = {isa = PBXFileReference; includeInIndex = 1; lastKnownFileType = text.xcconfig; name = "Pods-TernovskoyHW2.9.release.xcconfig"; path = "Target Support Files/Pods-TernovskoyHW2.9/Pods-TernovskoyHW2.9.release.xcconfig"; sourceTree = "<group>"; };
		EF2AF4029E2B63122D471DA8 /* Pods-TernovskoyHW2.9.debug.xcconfig */ = {isa = PBXFileReference; includeInIndex = 1; lastKnownFileType = text.xcconfig; name = "Pods-TernovskoyHW2.9.debug.xcconfig"; path = "Target Support Files/Pods-TernovskoyHW2.9/Pods-TernovskoyHW2.9.debug.xcconfig"; sourceTree = "<group>"; };
/* End PBXFileReference section */

/* Begin PBXFrameworksBuildPhase section */
		312BA8F7280810D400E95A19 /* Frameworks */ = {
			isa = PBXFrameworksBuildPhase;
			buildActionMask = 2147483647;
			files = (
				4EB9B63D519CC103E48B55C4 /* libPods-TernovskoyHW2.9.a in Frameworks */,
			);
			runOnlyForDeploymentPostprocessing = 0;
		};
/* End PBXFrameworksBuildPhase section */

/* Begin PBXGroup section */
		312BA8F1280810D400E95A19 = {
			isa = PBXGroup;
			children = (
				312BA8FC280810D400E95A19 /* TernovskoyHW2.9 */,
				312BA8FB280810D400E95A19 /* Products */,
				B411E8FDFB15C41CCF068D6E /* Pods */,
				FB7FBE3CCC6E463643C6E450 /* Frameworks */,
			);
			sourceTree = "<group>";
		};
		312BA8FB280810D400E95A19 /* Products */ = {
			isa = PBXGroup;
			children = (
				312BA8FA280810D400E95A19 /* TernovskoyHW2.9.app */,
			);
			name = Products;
			sourceTree = "<group>";
		};
		312BA8FC280810D400E95A19 /* TernovskoyHW2.9 */ = {
			isa = PBXGroup;
			children = (
				312BA8FD280810D400E95A19 /* AppDelegate.swift */,
				312BA8FF280810D400E95A19 /* SceneDelegate.swift */,
				312BA901280810D400E95A19 /* ViewController.swift */,
				312BA903280810D400E95A19 /* Main.storyboard */,
				31EBE6782808164800805DDA /* DataManager.swift */,
				31EBE67A2808165C00805DDA /* Animation.swift */,
				312BA906280810D500E95A19 /* Assets.xcassets */,
				312BA908280810D500E95A19 /* LaunchScreen.storyboard */,
				312BA90B280810D500E95A19 /* Info.plist */,
			);
			path = TernovskoyHW2.9;
			sourceTree = "<group>";
		};
		B411E8FDFB15C41CCF068D6E /* Pods */ = {
			isa = PBXGroup;
			children = (
				EF2AF4029E2B63122D471DA8 /* Pods-TernovskoyHW2.9.debug.xcconfig */,
				DE1E573458089EC1D49E064C /* Pods-TernovskoyHW2.9.release.xcconfig */,
			);
			path = Pods;
			sourceTree = "<group>";
		};
		FB7FBE3CCC6E463643C6E450 /* Frameworks */ = {
			isa = PBXGroup;
			children = (
				769B93F53048712B6DFA58AE /* libPods-TernovskoyHW2.9.a */,
			);
			name = Frameworks;
			sourceTree = "<group>";
		};
/* End PBXGroup section */

/* Begin PBXNativeTarget section */
		312BA8F9280810D400E95A19 /* TernovskoyHW2.9 */ = {
			isa = PBXNativeTarget;
			buildConfigurationList = 312BA90E280810D500E95A19 /* Build configuration list for PBXNativeTarget "TernovskoyHW2.9" */;
			buildPhases = (
				F26544948A7DF1BE7750629C /* [CP] Check Pods Manifest.lock */,
				312BA8F6280810D400E95A19 /* Sources */,
				312BA8F7280810D400E95A19 /* Frameworks */,
				312BA8F8280810D400E95A19 /* Resources */,
				53B4579F51836148E3943842 /* [CP] Copy Pods Resources */,
			);
			buildRules = (
			);
			dependencies = (
			);
			name = TernovskoyHW2.9;
			productName = TernovskoyHW2.9;
			productReference = 312BA8FA280810D400E95A19 /* TernovskoyHW2.9.app */;
			productType = "com.apple.product-type.application";
		};
/* End PBXNativeTarget section */

/* Begin PBXProject section */
		312BA8F2280810D400E95A19 /* Project object */ = {
			isa = PBXProject;
			attributes = {
				BuildIndependentTargetsInParallel = 1;
				LastSwiftUpdateCheck = 1330;
				LastUpgradeCheck = 1330;
				TargetAttributes = {
					312BA8F9280810D400E95A19 = {
						CreatedOnToolsVersion = 13.3;
					};
				};
			};
			buildConfigurationList = 312BA8F5280810D400E95A19 /* Build configuration list for PBXProject "TernovskoyHW2.9" */;
			compatibilityVersion = "Xcode 13.0";
			developmentRegion = en;
			hasScannedForEncodings = 0;
			knownRegions = (
				en,
				Base,
			);
			mainGroup = 312BA8F1280810D400E95A19;
			productRefGroup = 312BA8FB280810D400E95A19 /* Products */;
			projectDirPath = "";
			projectRoot = "";
			targets = (
				312BA8F9280810D400E95A19 /* TernovskoyHW2.9 */,
			);
		};
/* End PBXProject section */

/* Begin PBXResourcesBuildPhase section */
		312BA8F8280810D400E95A19 /* Resources */ = {
			isa = PBXResourcesBuildPhase;
			buildActionMask = 2147483647;
			files = (
				312BA90A280810D500E95A19 /* LaunchScreen.storyboard in Resources */,
				312BA907280810D500E95A19 /* Assets.xcassets in Resources */,
				312BA905280810D400E95A19 /* Main.storyboard in Resources */,
			);
			runOnlyForDeploymentPostprocessing = 0;
		};
/* End PBXResourcesBuildPhase section */

/* Begin PBXShellScriptBuildPhase section */
		53B4579F51836148E3943842 /* [CP] Copy Pods Resources */ = {
			isa = PBXShellScriptBuildPhase;
			buildActionMask = 2147483647;
			files = (
			);
			inputFileListPaths = (
				"${PODS_ROOT}/Target Support Files/Pods-TernovskoyHW2.9/Pods-TernovskoyHW2.9-resources-${CONFIGURATION}-input-files.xcfilelist",
			);
			name = "[CP] Copy Pods Resources";
			outputFileListPaths = (
				"${PODS_ROOT}/Target Support Files/Pods-TernovskoyHW2.9/Pods-TernovskoyHW2.9-resources-${CONFIGURATION}-output-files.xcfilelist",
			);
			runOnlyForDeploymentPostprocessing = 0;
			shellPath = /bin/sh;
			shellScript = "\"${PODS_ROOT}/Target Support Files/Pods-TernovskoyHW2.9/Pods-TernovskoyHW2.9-resources.sh\"\n";
			showEnvVarsInLog = 0;
		};
		F26544948A7DF1BE7750629C /* [CP] Check Pods Manifest.lock */ = {
			isa = PBXShellScriptBuildPhase;
			buildActionMask = 2147483647;
			files = (
			);
			inputFileListPaths = (
			);
			inputPaths = (
				"${PODS_PODFILE_DIR_PATH}/Podfile.lock",
				"${PODS_ROOT}/Manifest.lock",
			);
			name = "[CP] Check Pods Manifest.lock";
			outputFileListPaths = (
			);
			outputPaths = (
				"$(DERIVED_FILE_DIR)/Pods-TernovskoyHW2.9-checkManifestLockResult.txt",
			);
			runOnlyForDeploymentPostprocessing = 0;
			shellPath = /bin/sh;
			shellScript = "diff \"${PODS_PODFILE_DIR_PATH}/Podfile.lock\" \"${PODS_ROOT}/Manifest.lock\" > /dev/null\nif [ $? != 0 ] ; then\n    # print error to STDERR\n    echo \"error: The sandbox is not in sync with the Podfile.lock. Run 'pod install' or update your CocoaPods installation.\" >&2\n    exit 1\nfi\n# This output is used by Xcode 'outputs' to avoid re-running this script phase.\necho \"SUCCESS\" > \"${SCRIPT_OUTPUT_FILE_0}\"\n";
			showEnvVarsInLog = 0;
		};
/* End PBXShellScriptBuildPhase section */

/* Begin PBXSourcesBuildPhase section */
		312BA8F6280810D400E95A19 /* Sources */ = {
			isa = PBXSourcesBuildPhase;
			buildActionMask = 2147483647;
			files = (
				312BA902280810D400E95A19 /* ViewController.swift in Sources */,
				31EBE6792808164800805DDA /* DataManager.swift in Sources */,
				312BA8FE280810D400E95A19 /* AppDelegate.swift in Sources */,
				31EBE67B2808165C00805DDA /* Animation.swift in Sources */,
				312BA900280810D400E95A19 /* SceneDelegate.swift in Sources */,
			);
			runOnlyForDeploymentPostprocessing = 0;
		};
/* End PBXSourcesBuildPhase section */

/* Begin PBXVariantGroup section */
		312BA903280810D400E95A19 /* Main.storyboard */ = {
			isa = PBXVariantGroup;
			children = (
				312BA904280810D400E95A19 /* Base */,
			);
			name = Main.storyboard;
			sourceTree = "<group>";
		};
		312BA908280810D500E95A19 /* LaunchScreen.storyboard */ = {
			isa = PBXVariantGroup;
			children = (
				312BA909280810D500E95A19 /* Base */,
			);
			name = LaunchScreen.storyboard;
			sourceTree = "<group>";
		};
/* End PBXVariantGroup section */

/* Begin XCBuildConfiguration section */
		312BA90C280810D500E95A19 /* Debug */ = {
			isa = XCBuildConfiguration;
			buildSettings = {
				ALWAYS_SEARCH_USER_PATHS = NO;
				CLANG_ANALYZER_NONNULL = YES;
				CLANG_ANALYZER_NUMBER_OBJECT_CONVERSION = YES_AGGRESSIVE;
				CLANG_CXX_LANGUAGE_STANDARD = "gnu++17";
				CLANG_ENABLE_MODULES = YES;
				CLANG_ENABLE_OBJC_ARC = YES;
				CLANG_ENABLE_OBJC_WEAK = YES;
				CLANG_WARN_BLOCK_CAPTURE_AUTORELEASING = YES;
				CLANG_WARN_BOOL_CONVERSION = YES;
				CLANG_WARN_COMMA = YES;
				CLANG_WARN_CONSTANT_CONVERSION = YES;
				CLANG_WARN_DEPRECATED_OBJC_IMPLEMENTATIONS = YES;
				CLANG_WARN_DIRECT_OBJC_ISA_USAGE = YES_ERROR;
				CLANG_WARN_DOCUMENTATION_COMMENTS = YES;
				CLANG_WARN_EMPTY_BODY = YES;
				CLANG_WARN_ENUM_CONVERSION = YES;
				CLANG_WARN_INFINITE_RECURSION = YES;
				CLANG_WARN_INT_CONVERSION = YES;
				CLANG_WARN_NON_LITERAL_NULL_CONVERSION = YES;
				CLANG_WARN_OBJC_IMPLICIT_RETAIN_SELF = YES;
				CLANG_WARN_OBJC_LITERAL_CONVERSION = YES;
				CLANG_WARN_OBJC_ROOT_CLASS = YES_ERROR;
				CLANG_WARN_QUOTED_INCLUDE_IN_FRAMEWORK_HEADER = YES;
				CLANG_WARN_RANGE_LOOP_ANALYSIS = YES;
				CLANG_WARN_STRICT_PROTOTYPES = YES;
				CLANG_WARN_SUSPICIOUS_MOVE = YES;
				CLANG_WARN_UNGUARDED_AVAILABILITY = YES_AGGRESSIVE;
				CLANG_WARN_UNREACHABLE_CODE = YES;
				CLANG_WARN__DUPLICATE_METHOD_MATCH = YES;
				COPY_PHASE_STRIP = NO;
				DEBUG_INFORMATION_FORMAT = dwarf;
				ENABLE_STRICT_OBJC_MSGSEND = YES;
				ENABLE_TESTABILITY = YES;
				GCC_C_LANGUAGE_STANDARD = gnu11;
				GCC_DYNAMIC_NO_PIC = NO;
				GCC_NO_COMMON_BLOCKS = YES;
				GCC_OPTIMIZATION_LEVEL = 0;
				GCC_PREPROCESSOR_DEFINITIONS = (
					"DEBUG=1",
					"$(inherited)",
				);
				GCC_WARN_64_TO_32_BIT_CONVERSION = YES;
				GCC_WARN_ABOUT_RETURN_TYPE = YES_ERROR;
				GCC_WARN_UNDECLARED_SELECTOR = YES;
				GCC_WARN_UNINITIALIZED_AUTOS = YES_AGGRESSIVE;
				GCC_WARN_UNUSED_FUNCTION = YES;
				GCC_WARN_UNUSED_VARIABLE = YES;
				IPHONEOS_DEPLOYMENT_TARGET = 14.1;
				MTL_ENABLE_DEBUG_INFO = INCLUDE_SOURCE;
				MTL_FAST_MATH = YES;
				ONLY_ACTIVE_ARCH = YES;
				SDKROOT = iphoneos;
				SWIFT_ACTIVE_COMPILATION_CONDITIONS = DEBUG;
				SWIFT_OPTIMIZATION_LEVEL = "-Onone";
			};
			name = Debug;
		};
		312BA90D280810D500E95A19 /* Release */ = {
			isa = XCBuildConfiguration;
			buildSettings = {
				ALWAYS_SEARCH_USER_PATHS = NO;
				CLANG_ANALYZER_NONNULL = YES;
				CLANG_ANALYZER_NUMBER_OBJECT_CONVERSION = YES_AGGRESSIVE;
				CLANG_CXX_LANGUAGE_STANDARD = "gnu++17";
				CLANG_ENABLE_MODULES = YES;
				CLANG_ENABLE_OBJC_ARC = YES;
				CLANG_ENABLE_OBJC_WEAK = YES;
				CLANG_WARN_BLOCK_CAPTURE_AUTORELEASING = YES;
				CLANG_WARN_BOOL_CONVERSION = YES;
				CLANG_WARN_COMMA = YES;
				CLANG_WARN_CONSTANT_CONVERSION = YES;
				CLANG_WARN_DEPRECATED_OBJC_IMPLEMENTATIONS = YES;
				CLANG_WARN_DIRECT_OBJC_ISA_USAGE = YES_ERROR;
				CLANG_WARN_DOCUMENTATION_COMMENTS = YES;
				CLANG_WARN_EMPTY_BODY = YES;
				CLANG_WARN_ENUM_CONVERSION = YES;
				CLANG_WARN_INFINITE_RECURSION = YES;
				CLANG_WARN_INT_CONVERSION = YES;
				CLANG_WARN_NON_LITERAL_NULL_CONVERSION = YES;
				CLANG_WARN_OBJC_IMPLICIT_RETAIN_SELF = YES;
				CLANG_WARN_OBJC_LITERAL_CONVERSION = YES;
				CLANG_WARN_OBJC_ROOT_CLASS = YES_ERROR;
				CLANG_WARN_QUOTED_INCLUDE_IN_FRAMEWORK_HEADER = YES;
				CLANG_WARN_RANGE_LOOP_ANALYSIS = YES;
				CLANG_WARN_STRICT_PROTOTYPES = YES;
				CLANG_WARN_SUSPICIOUS_MOVE = YES;
				CLANG_WARN_UNGUARDED_AVAILABILITY = YES_AGGRESSIVE;
				CLANG_WARN_UNREACHABLE_CODE = YES;
				CLANG_WARN__DUPLICATE_METHOD_MATCH = YES;
				COPY_PHASE_STRIP = NO;
				DEBUG_INFORMATION_FORMAT = "dwarf-with-dsym";
				ENABLE_NS_ASSERTIONS = NO;
				ENABLE_STRICT_OBJC_MSGSEND = YES;
				GCC_C_LANGUAGE_STANDARD = gnu11;
				GCC_NO_COMMON_BLOCKS = YES;
				GCC_WARN_64_TO_32_BIT_CONVERSION = YES;
				GCC_WARN_ABOUT_RETURN_TYPE = YES_ERROR;
				GCC_WARN_UNDECLARED_SELECTOR = YES;
				GCC_WARN_UNINITIALIZED_AUTOS = YES_AGGRESSIVE;
				GCC_WARN_UNUSED_FUNCTION = YES;
				GCC_WARN_UNUSED_VARIABLE = YES;
				IPHONEOS_DEPLOYMENT_TARGET = 14.1;
				MTL_ENABLE_DEBUG_INFO = NO;
				MTL_FAST_MATH = YES;
				SDKROOT = iphoneos;
				SWIFT_COMPILATION_MODE = wholemodule;
				SWIFT_OPTIMIZATION_LEVEL = "-O";
				VALIDATE_PRODUCT = YES;
			};
			name = Release;
		};
		312BA90F280810D500E95A19 /* Debug */ = {
			isa = XCBuildConfiguration;
			baseConfigurationReference = EF2AF4029E2B63122D471DA8 /* Pods-TernovskoyHW2.9.debug.xcconfig */;
			buildSettings = {
				ASSETCATALOG_COMPILER_APPICON_NAME = AppIcon;
				ASSETCATALOG_COMPILER_GLOBAL_ACCENT_COLOR_NAME = AccentColor;
				CODE_SIGN_STYLE = Automatic;
				CURRENT_PROJECT_VERSION = 1;
				DEVELOPMENT_TEAM = XD73DA4KZ4;
				GENERATE_INFOPLIST_FILE = YES;
				INFOPLIST_FILE = TernovskoyHW2.9/Info.plist;
				INFOPLIST_KEY_UIApplicationSupportsIndirectInputEvents = YES;
				INFOPLIST_KEY_UILaunchStoryboardName = LaunchScreen;
				INFOPLIST_KEY_UIMainStoryboardFile = Main;
				INFOPLIST_KEY_UISupportedInterfaceOrientations_iPad = "UIInterfaceOrientationPortrait UIInterfaceOrientationPortraitUpsideDown UIInterfaceOrientationLandscapeLeft UIInterfaceOrientationLandscapeRight";
				INFOPLIST_KEY_UISupportedInterfaceOrientations_iPhone = "UIInterfaceOrientationPortrait UIInterfaceOrientationLandscapeLeft UIInterfaceOrientationLandscapeRight";
				LD_RUNPATH_SEARCH_PATHS = (
					"$(inherited)",
					"@executable_path/Frameworks",
				);
				MARKETING_VERSION = 1.0;
				PRODUCT_BUNDLE_IDENTIFIER = "ru.wickapp.TernovskoyHW2-9";
				PRODUCT_NAME = "$(TARGET_NAME)";
				SWIFT_EMIT_LOC_STRINGS = YES;
				SWIFT_VERSION = 5.0;
				TARGETED_DEVICE_FAMILY = 1;
			};
			name = Debug;
		};
		312BA910280810D500E95A19 /* Release */ = {
			isa = XCBuildConfiguration;
			baseConfigurationReference = DE1E573458089EC1D49E064C /* Pods-TernovskoyHW2.9.release.xcconfig */;
			buildSettings = {
				ASSETCATALOG_COMPILER_APPICON_NAME = AppIcon;
				ASSETCATALOG_COMPILER_GLOBAL_ACCENT_COLOR_NAME = AccentColor;
				CODE_SIGN_STYLE = Automatic;
				CURRENT_PROJECT_VERSION = 1;
				DEVELOPMENT_TEAM = XD73DA4KZ4;
				GENERATE_INFOPLIST_FILE = YES;
				INFOPLIST_FILE = TernovskoyHW2.9/Info.plist;
				INFOPLIST_KEY_UIApplicationSupportsIndirectInputEvents = YES;
				INFOPLIST_KEY_UILaunchStoryboardName = LaunchScreen;
				INFOPLIST_KEY_UIMainStoryboardFile = Main;
				INFOPLIST_KEY_UISupportedInterfaceOrientations_iPad = "UIInterfaceOrientationPortrait UIInterfaceOrientationPortraitUpsideDown UIInterfaceOrientationLandscapeLeft UIInterfaceOrientationLandscapeRight";
				INFOPLIST_KEY_UISupportedInterfaceOrientations_iPhone = "UIInterfaceOrientationPortrait UIInterfaceOrientationLandscapeLeft UIInterfaceOrientationLandscapeRight";
				LD_RUNPATH_SEARCH_PATHS = (
					"$(inherited)",
					"@executable_path/Frameworks",
				);
				MARKETING_VERSION = 1.0;
				PRODUCT_BUNDLE_IDENTIFIER = "ru.wickapp.TernovskoyHW2-9";
				PRODUCT_NAME = "$(TARGET_NAME)";
				SWIFT_EMIT_LOC_STRINGS = YES;
				SWIFT_VERSION = 5.0;
				TARGETED_DEVICE_FAMILY = 1;
			};
			name = Release;
		};
/* End XCBuildConfiguration section */

/* Begin XCConfigurationList section */
		312BA8F5280810D400E95A19 /* Build configuration list for PBXProject "TernovskoyHW2.9" */ = {
			isa = XCConfigurationList;
			buildConfigurations = (
				312BA90C280810D500E95A19 /* Debug */,
				312BA90D280810D500E95A19 /* Release */,
			);
			defaultConfigurationIsVisible = 0;
			defaultConfigurationName = Release;
		};
		312BA90E280810D500E95A19 /* Build configuration list for PBXNativeTarget "TernovskoyHW2.9" */ = {
			isa = XCConfigurationList;
			buildConfigurations = (
				312BA90F280810D500E95A19 /* Debug */,
				312BA910280810D500E95A19 /* Release */,
			);
			defaultConfigurationIsVisible = 0;
			defaultConfigurationName = Release;
		};
/* End XCConfigurationList section */
	};
	rootObject = 312BA8F2280810D400E95A19 /* Project object */;
}
